
Microsoft Visual Studio Solution File, Format Version 12.00
# Visual Studio Version 16
VisualStudioVersion = 16.0.810.23
MinimumVisualStudioVersion = 10.0.40219.1
Project("{FAE04EC0-301F-11D3-BF4B-00C04F79EFBC}") = "BookStore", "BookStore.csproj", "{A95489F4-ADEE-47E3-818C-F53533985BD4}"
EndProject
Global
	GlobalSection(SolutionConfigurationPlatforms) = preSolution
		Debug|Any CPU = Debug|Any CPU
		Release|Any CPU = Release|Any CPU
	EndGlobalSection
	GlobalSection(ProjectConfigurationPlatforms) = postSolution
		{A95489F4-ADEE-47E3-818C-F53533985BD4}.Debug|Any CPU.ActiveCfg = Debug|Any CPU
		{A95489F4-ADEE-47E3-818C-F53533985BD4}.Debug|Any CPU.Build.0 = Debug|Any CPU
		{A95489F4-ADEE-47E3-818C-F53533985BD4}.Release|Any CPU.ActiveCfg = Release|Any CPU
		{A95489F4-ADEE-47E3-818C-F53533985BD4}.Release|Any CPU.Build.0 = Release|Any CPU
	EndGlobalSection
	GlobalSection(SolutionProperties) = preSolution
		HideSolutionNode = FALSE
	EndGlobalSection
	GlobalSection(ExtensibilityGlobals) = postSolution
		SolutionGuid = {6AF4F1E0-39DB-49A8-AD02-06DC225D4CE5}
	EndGlobalSection
EndGlobal
